{
  "originHash" : "7aa46ce743aeb0e67a304e124015d5130574f6bbe01d98d30f9ceabf8e933e7f",
  "pins" : [
    {
      "identity" : "sdk-ios",
      "kind" : "remoteSourceControl",
      "location" : "https://github.com/StreamLayer/sdk-ios",
      "state" : {
        "revision" : "846d2425b17717131ff7263e549e94e905eec987",
        "version" : "8.22.115"
      }
    },
    {
      "identity" : "sl-programmatic-access-library-ios-tvos",
      "kind" : "remoteSourceControl",
      "location" : "https://github.com/StreamLayer/sl-programmatic-access-library-ios-tvos",
      "state" : {
        "revision" : "f5ce8abf41c471b398d8065d1d934c26efeb4529",
        "version" : "2.8.1"
      }
    }
  ],
  "version" : 3
}
